
Microsoft Visual Studio Solution File, Format Version 12.00
# Visual Studio Version 16
VisualStudioVersion = 16.0.32002.261
MinimumVisualStudioVersion = 10.0.40219.1
Project("{FAE04EC0-301F-11D3-BF4B-00C04F79EFBC}") = "LTQL_1721050358", "LTQL_1721050358\LTQL_1721050358.csproj", "{07C45691-2A61-4C90-88AF-2A5BB84BBD4C}"
EndProject
Global
	GlobalSection(SolutionConfigurationPlatforms) = preSolution
		Debug|Any CPU = Debug|Any CPU
		Release|Any CPU = Release|Any CPU
	EndGlobalSection
	GlobalSection(ProjectConfigurationPlatforms) = postSolution
		{07C45691-2A61-4C90-88AF-2A5BB84BBD4C}.Debug|Any CPU.ActiveCfg = Debug|Any CPU
		{07C45691-2A61-4C90-88AF-2A5BB84BBD4C}.Debug|Any CPU.Build.0 = Debug|Any CPU
		{07C45691-2A61-4C90-88AF-2A5BB84BBD4C}.Release|Any CPU.ActiveCfg = Release|Any CPU
		{07C45691-2A61-4C90-88AF-2A5BB84BBD4C}.Release|Any CPU.Build.0 = Release|Any CPU
	EndGlobalSection
	GlobalSection(SolutionProperties) = preSolution
		HideSolutionNode = FALSE
	EndGlobalSection
	GlobalSection(ExtensibilityGlobals) = postSolution
		SolutionGuid = {8BA19688-FA67-4B21-A224-D54DDE5250FC}
	EndGlobalSection
EndGlobal
